
Microsoft Visual Studio Solution File, Format Version 12.00
# Visual Studio Version 16
VisualStudioVersion = 16.0.28922.388
MinimumVisualStudioVersion = 10.0.40219.1
Project("{FAE04EC0-301F-11D3-BF4B-00C04F79EFBC}") = "NetFinal", "NetFinal.csproj", "{4BCA80FE-C2E4-4E83-8D5F-B4AEAB10283E}"
EndProject
Global
	GlobalSection(SolutionConfigurationPlatforms) = preSolution
		Debug|Any CPU = Debug|Any CPU
		Release|Any CPU = Release|Any CPU
	EndGlobalSection
	GlobalSection(ProjectConfigurationPlatforms) = postSolution
		{4BCA80FE-C2E4-4E83-8D5F-B4AEAB10283E}.Debug|Any CPU.ActiveCfg = Debug|Any CPU
		{4BCA80FE-C2E4-4E83-8D5F-B4AEAB10283E}.Debug|Any CPU.Build.0 = Debug|Any CPU
		{4BCA80FE-C2E4-4E83-8D5F-B4AEAB10283E}.Release|Any CPU.ActiveCfg = Release|Any CPU
		{4BCA80FE-C2E4-4E83-8D5F-B4AEAB10283E}.Release|Any CPU.Build.0 = Release|Any CPU
	EndGlobalSection
	GlobalSection(SolutionProperties) = preSolution
		HideSolutionNode = FALSE
	EndGlobalSection
	GlobalSection(ExtensibilityGlobals) = postSolution
		SolutionGuid = {288EBF63-17A1-4DB4-AE66-F08937BC6E3C}
	EndGlobalSection
EndGlobal
